
Microsoft Visual Studio Solution File, Format Version 12.00
# Visual Studio Version 16
VisualStudioVersion = 16.0.32407.337
MinimumVisualStudioVersion = 10.0.40219.1
Project("{FAE04EC0-301F-11D3-BF4B-00C04F79EFBC}") = "BuiDucVinh_BigSchool", "BuiDucVinh_BigSchool\BuiDucVinh_BigSchool.csproj", "{CE761B3C-81D1-4A31-8B3D-9C328FD0CCA3}"
EndProject
Global
	GlobalSection(SolutionConfigurationPlatforms) = preSolution
		Debug|Any CPU = Debug|Any CPU
		Release|Any CPU = Release|Any CPU
	EndGlobalSection
	GlobalSection(ProjectConfigurationPlatforms) = postSolution
		{CE761B3C-81D1-4A31-8B3D-9C328FD0CCA3}.Debug|Any CPU.ActiveCfg = Debug|Any CPU
		{CE761B3C-81D1-4A31-8B3D-9C328FD0CCA3}.Debug|Any CPU.Build.0 = Debug|Any CPU
		{CE761B3C-81D1-4A31-8B3D-9C328FD0CCA3}.Release|Any CPU.ActiveCfg = Release|Any CPU
		{CE761B3C-81D1-4A31-8B3D-9C328FD0CCA3}.Release|Any CPU.Build.0 = Release|Any CPU
	EndGlobalSection
	GlobalSection(SolutionProperties) = preSolution
		HideSolutionNode = FALSE
	EndGlobalSection
	GlobalSection(ExtensibilityGlobals) = postSolution
		SolutionGuid = {392221A4-8F66-4E66-853E-2018EA86AC1F}
	EndGlobalSection
EndGlobal
